
Microsoft Visual Studio Solution File, Format Version 11.00
# Visual Studio 2010
Project("{FAE04EC0-301F-11D3-BF4B-00C04F79EFBC}") = "EntidadesCompartidas", "EntidadesCompartidas\EntidadesCompartidas.csproj", "{44DCA08A-A184-46D1-B1DB-67626AFE3C5E}"
EndProject
Project("{FAE04EC0-301F-11D3-BF4B-00C04F79EFBC}") = "Persistencia", "Persistencia\Persistencia.csproj", "{13FC37AB-FFA5-4E3B-96AA-BCF3EBA13054}"
EndProject
Project("{FAE04EC0-301F-11D3-BF4B-00C04F79EFBC}") = "Logica", "Logica\Logica.csproj", "{1EEBD3FB-79A8-4628-B934-EC3CA459C3FB}"
EndProject
Project("{E24C65DC-7377-472B-9ABA-BC803B73C61A}") = "sitio", "sitio\", "{7C81C139-24BC-4121-90C9-106A85AA78E8}"
	ProjectSection(WebsiteProperties) = preProject
		TargetFrameworkMoniker = ".NETFramework,Version%3Dv4.0"
		ProjectReferences = "{44DCA08A-A184-46D1-B1DB-67626AFE3C5E}|EntidadesCompartidas.dll;{1EEBD3FB-79A8-4628-B934-EC3CA459C3FB}|Logica.dll;{13FC37AB-FFA5-4E3B-96AA-BCF3EBA13054}|Persistencia.dll;"
		Debug.AspNetCompiler.VirtualPath = "/sitio"
		Debug.AspNetCompiler.PhysicalPath = "sitio\"
		Debug.AspNetCompiler.TargetPath = "PrecompiledWeb\sitio\"
		Debug.AspNetCompiler.Updateable = "true"
		Debug.AspNetCompiler.ForceOverwrite = "true"
		Debug.AspNetCompiler.FixedNames = "false"
		Debug.AspNetCompiler.Debug = "True"
		Release.AspNetCompiler.VirtualPath = "/sitio"
		Release.AspNetCompiler.PhysicalPath = "sitio\"
		Release.AspNetCompiler.TargetPath = "PrecompiledWeb\sitio\"
		Release.AspNetCompiler.Updateable = "true"
		Release.AspNetCompiler.ForceOverwrite = "true"
		Release.AspNetCompiler.FixedNames = "false"
		Release.AspNetCompiler.Debug = "False"
		VWDPort = "1303"
		DefaultWebSiteLanguage = "Visual C#"
	EndProjectSection
EndProject
Global
	GlobalSection(SolutionConfigurationPlatforms) = preSolution
		Debug|Any CPU = Debug|Any CPU
		Release|Any CPU = Release|Any CPU
	EndGlobalSection
	GlobalSection(ProjectConfigurationPlatforms) = postSolution
		{44DCA08A-A184-46D1-B1DB-67626AFE3C5E}.Debug|Any CPU.ActiveCfg = Debug|Any CPU
		{44DCA08A-A184-46D1-B1DB-67626AFE3C5E}.Debug|Any CPU.Build.0 = Debug|Any CPU
		{44DCA08A-A184-46D1-B1DB-67626AFE3C5E}.Release|Any CPU.ActiveCfg = Release|Any CPU
		{44DCA08A-A184-46D1-B1DB-67626AFE3C5E}.Release|Any CPU.Build.0 = Release|Any CPU
		{13FC37AB-FFA5-4E3B-96AA-BCF3EBA13054}.Debug|Any CPU.ActiveCfg = Debug|Any CPU
		{13FC37AB-FFA5-4E3B-96AA-BCF3EBA13054}.Debug|Any CPU.Build.0 = Debug|Any CPU
		{13FC37AB-FFA5-4E3B-96AA-BCF3EBA13054}.Release|Any CPU.ActiveCfg = Release|Any CPU
		{13FC37AB-FFA5-4E3B-96AA-BCF3EBA13054}.Release|Any CPU.Build.0 = Release|Any CPU
		{1EEBD3FB-79A8-4628-B934-EC3CA459C3FB}.Debug|Any CPU.ActiveCfg = Debug|Any CPU
		{1EEBD3FB-79A8-4628-B934-EC3CA459C3FB}.Debug|Any CPU.Build.0 = Debug|Any CPU
		{1EEBD3FB-79A8-4628-B934-EC3CA459C3FB}.Release|Any CPU.ActiveCfg = Release|Any CPU
		{1EEBD3FB-79A8-4628-B934-EC3CA459C3FB}.Release|Any CPU.Build.0 = Release|Any CPU
		{7C81C139-24BC-4121-90C9-106A85AA78E8}.Debug|Any CPU.ActiveCfg = Debug|Any CPU
		{7C81C139-24BC-4121-90C9-106A85AA78E8}.Debug|Any CPU.Build.0 = Debug|Any CPU
		{7C81C139-24BC-4121-90C9-106A85AA78E8}.Release|Any CPU.ActiveCfg = Debug|Any CPU
		{7C81C139-24BC-4121-90C9-106A85AA78E8}.Release|Any CPU.Build.0 = Debug|Any CPU
	EndGlobalSection
	GlobalSection(SolutionProperties) = preSolution
		HideSolutionNode = FALSE
	EndGlobalSection
EndGlobal
