
Microsoft Visual Studio Solution File, Format Version 12.00
# Visual Studio Version 17
VisualStudioVersion = 17.4.33213.308
MinimumVisualStudioVersion = 10.0.40219.1
Project("{FAE04EC0-301F-11D3-BF4B-00C04F79EFBC}") = "FarmaciaProject", "FarmaciaProject\FarmaciaProject.csproj", "{F6E454F7-8732-40F6-A0F4-69C7E48A6AD8}"
EndProject
Global
	GlobalSection(SolutionConfigurationPlatforms) = preSolution
		Debug|Any CPU = Debug|Any CPU
		Release|Any CPU = Release|Any CPU
	EndGlobalSection
	GlobalSection(ProjectConfigurationPlatforms) = postSolution
		{F6E454F7-8732-40F6-A0F4-69C7E48A6AD8}.Debug|Any CPU.ActiveCfg = Debug|Any CPU
		{F6E454F7-8732-40F6-A0F4-69C7E48A6AD8}.Debug|Any CPU.Build.0 = Debug|Any CPU
		{F6E454F7-8732-40F6-A0F4-69C7E48A6AD8}.Release|Any CPU.ActiveCfg = Release|Any CPU
		{F6E454F7-8732-40F6-A0F4-69C7E48A6AD8}.Release|Any CPU.Build.0 = Release|Any CPU
	EndGlobalSection
	GlobalSection(SolutionProperties) = preSolution
		HideSolutionNode = FALSE
	EndGlobalSection
	GlobalSection(ExtensibilityGlobals) = postSolution
		SolutionGuid = {2CE8C32D-2F95-4EF6-98DC-262645E9673D}
	EndGlobalSection
EndGlobal
